
Microsoft Visual Studio Solution File, Format Version 12.00
# Visual Studio Version 17
VisualStudioVersion = 17.0.32014.148
MinimumVisualStudioVersion = 10.0.40219.1
Project("{FAE04EC0-301F-11D3-BF4B-00C04F79EFBC}") = "CoffeeShop", "CoffeeShop\CoffeeShop.csproj", "{36E6980C-E66F-4505-A236-C0A8DD213919}"
EndProject
Global
	GlobalSection(SolutionConfigurationPlatforms) = preSolution
		Debug|Any CPU = Debug|Any CPU
		Release|Any CPU = Release|Any CPU
	EndGlobalSection
	GlobalSection(ProjectConfigurationPlatforms) = postSolution
		{36E6980C-E66F-4505-A236-C0A8DD213919}.Debug|Any CPU.ActiveCfg = Debug|Any CPU
		{36E6980C-E66F-4505-A236-C0A8DD213919}.Debug|Any CPU.Build.0 = Debug|Any CPU
		{36E6980C-E66F-4505-A236-C0A8DD213919}.Release|Any CPU.ActiveCfg = Release|Any CPU
		{36E6980C-E66F-4505-A236-C0A8DD213919}.Release|Any CPU.Build.0 = Release|Any CPU
	EndGlobalSection
	GlobalSection(SolutionProperties) = preSolution
		HideSolutionNode = FALSE
	EndGlobalSection
	GlobalSection(ExtensibilityGlobals) = postSolution
		SolutionGuid = {E2E92779-7A7E-4421-9C39-C17A39D2B598}
	EndGlobalSection
EndGlobal
